
Microsoft Visual Studio Solution File, Format Version 12.00
# Visual Studio Version 17
VisualStudioVersion = 17.0.31903.59
MinimumVisualStudioVersion = 10.0.40219.1
Project("{2150E333-8FDC-42A3-9474-1A3956D46DE8}") = "src", "src", "{827E0CD3-B72D-47B6-A68D-7590B98EB39B}"
EndProject
Project("{2150E333-8FDC-42A3-9474-1A3956D46DE8}") = "backend", "backend", "{FE360695-3F2B-1049-3887-35FBB5135923}"
EndProject
Project("{FAE04EC0-301F-11D3-BF4B-00C04F79EFBC}") = "PulseDesk.Api", "src\backend\PulseDesk.Api\PulseDesk.Api.csproj", "{6A218B58-E6CD-42AA-8248-026140F7EB4F}"
EndProject
Project("{FAE04EC0-301F-11D3-BF4B-00C04F79EFBC}") = "PulseDesk.Infrastructure", "src\backend\PulseDesk.Infrastructure\PulseDesk.Infrastructure.csproj", "{ADEB93C0-9196-415D-8C2B-FA1CEDE97AF2}"
EndProject
Project("{FAE04EC0-301F-11D3-BF4B-00C04F79EFBC}") = "PulseDesk.Core", "src\backend\PulseDesk.Core\PulseDesk.Core.csproj", "{C889E5D6-E9BA-4F52-B204-7BBBC3F33CD7}"
EndProject
Global
	GlobalSection(SolutionConfigurationPlatforms) = preSolution
		Debug|Any CPU = Debug|Any CPU
		Debug|x64 = Debug|x64
		Debug|x86 = Debug|x86
		Release|Any CPU = Release|Any CPU
		Release|x64 = Release|x64
		Release|x86 = Release|x86
	EndGlobalSection
	GlobalSection(ProjectConfigurationPlatforms) = postSolution
		{6A218B58-E6CD-42AA-8248-026140F7EB4F}.Debug|Any CPU.ActiveCfg = Debug|Any CPU
		{6A218B58-E6CD-42AA-8248-026140F7EB4F}.Debug|Any CPU.Build.0 = Debug|Any CPU
		{6A218B58-E6CD-42AA-8248-026140F7EB4F}.Debug|x64.ActiveCfg = Debug|Any CPU
		{6A218B58-E6CD-42AA-8248-026140F7EB4F}.Debug|x64.Build.0 = Debug|Any CPU
		{6A218B58-E6CD-42AA-8248-026140F7EB4F}.Debug|x86.ActiveCfg = Debug|Any CPU
		{6A218B58-E6CD-42AA-8248-026140F7EB4F}.Debug|x86.Build.0 = Debug|Any CPU
		{6A218B58-E6CD-42AA-8248-026140F7EB4F}.Release|Any CPU.ActiveCfg = Release|Any CPU
		{6A218B58-E6CD-42AA-8248-026140F7EB4F}.Release|Any CPU.Build.0 = Release|Any CPU
		{6A218B58-E6CD-42AA-8248-026140F7EB4F}.Release|x64.ActiveCfg = Release|Any CPU
		{6A218B58-E6CD-42AA-8248-026140F7EB4F}.Release|x64.Build.0 = Release|Any CPU
		{6A218B58-E6CD-42AA-8248-026140F7EB4F}.Release|x86.ActiveCfg = Release|Any CPU
		{6A218B58-E6CD-42AA-8248-026140F7EB4F}.Release|x86.Build.0 = Release|Any CPU
		{ADEB93C0-9196-415D-8C2B-FA1CEDE97AF2}.Debug|Any CPU.ActiveCfg = Debug|Any CPU
		{ADEB93C0-9196-415D-8C2B-FA1CEDE97AF2}.Debug|Any CPU.Build.0 = Debug|Any CPU
		{ADEB93C0-9196-415D-8C2B-FA1CEDE97AF2}.Debug|x64.ActiveCfg = Debug|Any CPU
		{ADEB93C0-9196-415D-8C2B-FA1CEDE97AF2}.Debug|x64.Build.0 = Debug|Any CPU
		{ADEB93C0-9196-415D-8C2B-FA1CEDE97AF2}.Debug|x86.ActiveCfg = Debug|Any CPU
		{ADEB93C0-9196-415D-8C2B-FA1CEDE97AF2}.Debug|x86.Build.0 = Debug|Any CPU
		{ADEB93C0-9196-415D-8C2B-FA1CEDE97AF2}.Release|Any CPU.ActiveCfg = Release|Any CPU
		{ADEB93C0-9196-415D-8C2B-FA1CEDE97AF2}.Release|Any CPU.Build.0 = Release|Any CPU
		{ADEB93C0-9196-415D-8C2B-FA1CEDE97AF2}.Release|x64.ActiveCfg = Release|Any CPU
		{ADEB93C0-9196-415D-8C2B-FA1CEDE97AF2}.Release|x64.Build.0 = Release|Any CPU
		{ADEB93C0-9196-415D-8C2B-FA1CEDE97AF2}.Release|x86.ActiveCfg = Release|Any CPU
		{ADEB93C0-9196-415D-8C2B-FA1CEDE97AF2}.Release|x86.Build.0 = Release|Any CPU
		{C889E5D6-E9BA-4F52-B204-7BBBC3F33CD7}.Debug|Any CPU.ActiveCfg = Debug|Any CPU
		{C889E5D6-E9BA-4F52-B204-7BBBC3F33CD7}.Debug|Any CPU.Build.0 = Debug|Any CPU
		{C889E5D6-E9BA-4F52-B204-7BBBC3F33CD7}.Debug|x64.ActiveCfg = Debug|Any CPU
		{C889E5D6-E9BA-4F52-B204-7BBBC3F33CD7}.Debug|x64.Build.0 = Debug|Any CPU
		{C889E5D6-E9BA-4F52-B204-7BBBC3F33CD7}.Debug|x86.ActiveCfg = Debug|Any CPU
		{C889E5D6-E9BA-4F52-B204-7BBBC3F33CD7}.Debug|x86.Build.0 = Debug|Any CPU
		{C889E5D6-E9BA-4F52-B204-7BBBC3F33CD7}.Release|Any CPU.ActiveCfg = Release|Any CPU
		{C889E5D6-E9BA-4F52-B204-7BBBC3F33CD7}.Release|Any CPU.Build.0 = Release|Any CPU
		{C889E5D6-E9BA-4F52-B204-7BBBC3F33CD7}.Release|x64.ActiveCfg = Release|Any CPU
		{C889E5D6-E9BA-4F52-B204-7BBBC3F33CD7}.Release|x64.Build.0 = Release|Any CPU
		{C889E5D6-E9BA-4F52-B204-7BBBC3F33CD7}.Release|x86.ActiveCfg = Release|Any CPU
		{C889E5D6-E9BA-4F52-B204-7BBBC3F33CD7}.Release|x86.Build.0 = Release|Any CPU
	EndGlobalSection
	GlobalSection(SolutionProperties) = preSolution
		HideSolutionNode = FALSE
	EndGlobalSection
	GlobalSection(NestedProjects) = preSolution
		{FE360695-3F2B-1049-3887-35FBB5135923} = {827E0CD3-B72D-47B6-A68D-7590B98EB39B}
		{6A218B58-E6CD-42AA-8248-026140F7EB4F} = {FE360695-3F2B-1049-3887-35FBB5135923}
		{ADEB93C0-9196-415D-8C2B-FA1CEDE97AF2} = {FE360695-3F2B-1049-3887-35FBB5135923}
		{C889E5D6-E9BA-4F52-B204-7BBBC3F33CD7} = {FE360695-3F2B-1049-3887-35FBB5135923}
	EndGlobalSection
EndGlobal
